
Microsoft Visual Studio Solution File, Format Version 12.00
# Visual Studio Version 16
VisualStudioVersion = 16.0.32901.82
MinimumVisualStudioVersion = 10.0.40219.1
Project("{FAE04EC0-301F-11D3-BF4B-00C04F79EFBC}") = "tempGraMemory", "tempGraMemory\tempGraMemory.csproj", "{0DD5F97E-3B74-4E39-9668-7F89CD3C095B}"
EndProject
Global
	GlobalSection(SolutionConfigurationPlatforms) = preSolution
		Debug|Any CPU = Debug|Any CPU
		Release|Any CPU = Release|Any CPU
	EndGlobalSection
	GlobalSection(ProjectConfigurationPlatforms) = postSolution
		{0DD5F97E-3B74-4E39-9668-7F89CD3C095B}.Debug|Any CPU.ActiveCfg = Debug|Any CPU
		{0DD5F97E-3B74-4E39-9668-7F89CD3C095B}.Debug|Any CPU.Build.0 = Debug|Any CPU
		{0DD5F97E-3B74-4E39-9668-7F89CD3C095B}.Release|Any CPU.ActiveCfg = Release|Any CPU
		{0DD5F97E-3B74-4E39-9668-7F89CD3C095B}.Release|Any CPU.Build.0 = Release|Any CPU
	EndGlobalSection
	GlobalSection(SolutionProperties) = preSolution
		HideSolutionNode = FALSE
	EndGlobalSection
	GlobalSection(ExtensibilityGlobals) = postSolution
		SolutionGuid = {854B5F99-CA31-48FA-9A7D-109D10F0EE6A}
	EndGlobalSection
EndGlobal
